{
  "version": 4,
  "terraform_version": "1.0.8",
  "serial": 33,
  "lineage": "261a91b0-36a1-67c7-4c12-522fce85e951",
  "outputs": {
    "connection_strings": {
      "value": "mongodb+srv://animals-mongo.u7zrn.mongodb.net",
      "type": "string"
    }
  },
  "resources": [
    {
      "mode": "data",
      "type": "mongodbatlas_cluster",
      "name": "this",
      "provider": "provider[\"registry.terraform.io/mongodb/mongodbatlas\"]",
      "instances": [
        {
          "index_key": "animals-mongo",
          "schema_version": 0,
          "attributes": {
            "auto_scaling_compute_enabled": null,
            "auto_scaling_compute_scale_down_enabled": null,
            "auto_scaling_disk_gb_enabled": false,
            "backing_provider_name": "AWS",
            "backup_enabled": false,
            "bi_connector": {
              "enabled": "false",
              "read_preference": "secondary"
            },
            "bi_connector_config": [
              {
                "enabled": false,
                "read_preference": "secondary"
              }
            ],
            "cluster_type": "REPLICASET",
            "connection_strings": [
              {
                "aws_private_link": {},
                "aws_private_link_srv": {},
                "private": "",
                "private_endpoint": [],
                "private_srv": "",
                "standard": "mongodb://animals-mongo-shard-00-00.u7zrn.mongodb.net:27017,animals-mongo-shard-00-01.u7zrn.mongodb.net:27017,animals-mongo-shard-00-02.u7zrn.mongodb.net:27017/?ssl=true\u0026authSource=admin\u0026replicaSet=atlas-wxqgrf-shard-0",
                "standard_srv": "mongodb+srv://animals-mongo.u7zrn.mongodb.net"
              }
            ],
            "container_id": null,
            "disk_size_gb": 0.5,
            "encryption_at_rest_provider": "NONE",
            "id": "61615378958f3266b4e55454",
            "labels": [],
            "mongo_db_major_version": "4.4",
            "mongo_db_version": "4.4.9",
            "mongo_uri": "mongodb://animals-mongo-shard-00-00.u7zrn.mongodb.net:27017,animals-mongo-shard-00-01.u7zrn.mongodb.net:27017,animals-mongo-shard-00-02.u7zrn.mongodb.net:27017",
            "mongo_uri_updated": "2021-10-09T08:33:44Z",
            "mongo_uri_with_options": "mongodb://animals-mongo-shard-00-00.u7zrn.mongodb.net:27017,animals-mongo-shard-00-01.u7zrn.mongodb.net:27017,animals-mongo-shard-00-02.u7zrn.mongodb.net:27017/?ssl=true\u0026authSource=admin\u0026replicaSet=atlas-wxqgrf-shard-0",
            "name": "animals-mongo",
            "num_shards": 1,
            "paused": false,
            "pit_enabled": false,
            "project_id": "5fc1688708c77a31a79f2bb6",
            "provider_auto_scaling_compute_max_instance_size": null,
            "provider_auto_scaling_compute_min_instance_size": null,
            "provider_backup_enabled": false,
            "provider_disk_iops": null,
            "provider_disk_type_name": "",
            "provider_encrypt_ebs_volume": null,
            "provider_encrypt_ebs_volume_flag": null,
            "provider_instance_size_name": "M0",
            "provider_name": "TENANT",
            "provider_region_name": "US_EAST_1",
            "provider_volume_type": "",
            "replication_factor": 3,
            "replication_specs": [
              {
                "id": "6161536a00744504bab58f8a",
                "num_shards": 1,
                "regions_config": [
                  {
                    "analytics_nodes": 0,
                    "electable_nodes": 3,
                    "priority": 7,
                    "read_only_nodes": 0,
                    "region_name": "US_EAST_1"
                  }
                ],
                "zone_name": "Zone 1"
              }
            ],
            "snapshot_backup_policy": [],
            "srv_address": "mongodb+srv://animals-mongo.u7zrn.mongodb.net",
            "state_name": "IDLE"
          },
          "sensitive_attributes": []
        }
      ]
    },
    {
      "mode": "data",
      "type": "mongodbatlas_clusters",
      "name": "this",
      "provider": "provider[\"registry.terraform.io/mongodb/mongodbatlas\"]",
      "instances": [
        {
          "schema_version": 0,
          "attributes": {
            "id": "terraform-20211009180130057500000001",
            "project_id": "5fc1688708c77a31a79f2bb6",
            "results": [
              {
                "auto_scaling_compute_enabled": false,
                "auto_scaling_compute_scale_down_enabled": false,
                "auto_scaling_disk_gb_enabled": false,
                "backing_provider_name": "AWS",
                "backup_enabled": false,
                "bi_connector": {
                  "enabled": "false",
                  "read_preference": "secondary"
                },
                "bi_connector_config": [
                  {
                    "enabled": false,
                    "read_preference": "secondary"
                  }
                ],
                "cluster_type": "REPLICASET",
                "connection_strings": [
                  {
                    "aws_private_link": {},
                    "aws_private_link_srv": {},
                    "private": "",
                    "private_endpoint": [],
                    "private_srv": "",
                    "standard": "mongodb://animals-mongo-shard-00-00.u7zrn.mongodb.net:27017,animals-mongo-shard-00-01.u7zrn.mongodb.net:27017,animals-mongo-shard-00-02.u7zrn.mongodb.net:27017/?ssl=true\u0026authSource=admin\u0026replicaSet=atlas-wxqgrf-shard-0",
                    "standard_srv": "mongodb+srv://animals-mongo.u7zrn.mongodb.net"
                  }
                ],
                "container_id": "",
                "disk_size_gb": 0.5,
                "encryption_at_rest_provider": "NONE",
                "labels": [],
                "mongo_db_major_version": "4.4",
                "mongo_db_version": "4.4.9",
                "mongo_uri": "mongodb://animals-mongo-shard-00-00.u7zrn.mongodb.net:27017,animals-mongo-shard-00-01.u7zrn.mongodb.net:27017,animals-mongo-shard-00-02.u7zrn.mongodb.net:27017",
                "mongo_uri_updated": "2021-10-09T08:33:44Z",
                "mongo_uri_with_options": "mongodb://animals-mongo-shard-00-00.u7zrn.mongodb.net:27017,animals-mongo-shard-00-01.u7zrn.mongodb.net:27017,animals-mongo-shard-00-02.u7zrn.mongodb.net:27017/?ssl=true\u0026authSource=admin\u0026replicaSet=atlas-wxqgrf-shard-0",
                "name": "animals-mongo",
                "num_shards": 1,
                "paused": false,
                "pit_enabled": false,
                "provider_auto_scaling_compute_max_instance_size": "",
                "provider_auto_scaling_compute_min_instance_size": "",
                "provider_backup_enabled": false,
                "provider_disk_iops": 0,
                "provider_disk_type_name": "",
                "provider_encrypt_ebs_volume": false,
                "provider_instance_size_name": "M0",
                "provider_name": "TENANT",
                "provider_region_name": "US_EAST_1",
                "provider_volume_type": "",
                "replication_factor": 3,
                "replication_specs": [
                  {
                    "id": "6161536a00744504bab58f8a",
                    "num_shards": 1,
                    "regions_config": [
                      {
                        "analytics_nodes": 0,
                        "electable_nodes": 3,
                        "priority": 7,
                        "read_only_nodes": 0,
                        "region_name": "US_EAST_1"
                      }
                    ],
                    "zone_name": "Zone 1"
                  }
                ],
                "snapshot_backup_policy": [],
                "srv_address": "mongodb+srv://animals-mongo.u7zrn.mongodb.net",
                "state_name": "IDLE"
              }
            ]
          },
          "sensitive_attributes": []
        }
      ]
    },
    {
      "mode": "managed",
      "type": "mongodbatlas_database_user",
      "name": "test",
      "provider": "provider[\"registry.terraform.io/mongodb/mongodbatlas\"]",
      "instances": [
        {
          "schema_version": 0,
          "attributes": {
            "auth_database_name": "admin",
            "aws_iam_type": "NONE",
            "database_name": null,
            "id": "YXV0aF9kYXRhYmFzZV9uYW1l:YWRtaW4=-cHJvamVjdF9pZA==:NWZjMTY4ODcwOGM3N2EzMWE3OWYyYmI2-dXNlcm5hbWU=:YW5pbWFsdXNlcg==",
            "labels": [],
            "ldap_auth_type": "NONE",
            "password": "oCpodpzFy",
            "project_id": "5fc1688708c77a31a79f2bb6",
            "roles": [
              {
                "collection_name": "numbats",
                "database_name": "marsupials-dev",
                "role_name": "read"
              },
              {
                "collection_name": "possums",
                "database_name": "marsupials-dev",
                "role_name": "read"
              }
            ],
            "scopes": [],
            "username": "animaluser",
            "x509_type": "NONE"
          },
          "sensitive_attributes": [
            [
              {
                "type": "get_attr",
                "value": "password"
              }
            ]
          ],
          "private": "bnVsbA==",
          "dependencies": [
            "random_password.store-service-password"
          ]
        }
      ]
    },
    {
      "mode": "managed",
      "type": "random_password",
      "name": "store-service-password",
      "provider": "provider[\"registry.terraform.io/hashicorp/random\"]",
      "instances": [
        {
          "schema_version": 0,
          "attributes": {
            "id": "none",
            "keepers": null,
            "length": 9,
            "lower": true,
            "min_lower": 0,
            "min_numeric": 0,
            "min_special": 0,
            "min_upper": 0,
            "number": true,
            "override_special": null,
            "result": "oCpodpzFy",
            "special": false,
            "upper": true
          },
          "sensitive_attributes": [],
          "private": "bnVsbA=="
        }
      ]
    }
  ]
}
